<Solution>
  <Folder Name="/Activity_Log/" />
  <Folder Name="/icon/" />
  <Project Path="Clinical Diagnostics Triage/Clinical Diagnostics Triage.csproj" />
  <Project Path="Model_Usage/Model_Usage.pyproj" Type="888888a0-9f3d-457c-b088-3a5042f75d52" Id="dcbd599e-ec28-4462-98f6-9414e357ce8f">
    <Build Project="false" />
  </Project>
</Solution>
